schema: '2.0'
stages:
  make_dataset@10-50-20:
    cmd: poetry run python -m src.make_dataset data/interim/dataset_limit-10_co-50_tm-20.cloudpickle
      --use_gpu=true --limit=10 --chunk_overlap=50 --token_margin=20 --model_name=intfloat/multilingual-e5-small
    deps:
    - path: src/encoder.py
      hash: md5
      md5: 846db1dad431d7f34d1a99431de8e947
      size: 6137
    - path: src/make_dataset.py
      hash: md5
      md5: 76d85547a3172328aab271b92f94289d
      size: 3761
    outs:
    - path: data/interim/dataset_limit-10_co-50_tm-20.cloudpickle
      hash: md5
      md5: db1b3b202c49fdaf5615506091785fdf
      size: 301711
  make_dataset@0-50-20:
    cmd: poetry run python -m src.make_dataset data/interim/dataset_limit-0_co-50_tm-20.cloudpickle
      --use_gpu=true --limit=0 --chunk_overlap=50 --token_margin=20 --model_name=intfloat/multilingual-e5-small
    deps:
    - path: src/make_dataset.py
      hash: md5
      md5: 6a0f6adec00955e1aedbdebb5023529d
      size: 3513
    outs:
    - path: data/interim/dataset_limit-0_co-50_tm-20.cloudpickle
      hash: md5
      md5: c50c1db29314289c46ac34b2a4096216
      size: 97225175
